
Microsoft Visual Studio Solution File, Format Version 12.00
# Visual Studio Version 16
VisualStudioVersion = 16.0.31019.35
MinimumVisualStudioVersion = 10.0.40219.1
Project("{FAE04EC0-301F-11D3-BF4B-00C04F79EFBC}") = "ClienteUDP", "ClienteUDP.csproj", "{AB0B9706-B41B-4435-935F-7FAFB4AECD98}"
EndProject
Global
	GlobalSection(SolutionConfigurationPlatforms) = preSolution
		Debug|Any CPU = Debug|Any CPU
		Release|Any CPU = Release|Any CPU
	EndGlobalSection
	GlobalSection(ProjectConfigurationPlatforms) = postSolution
		{AB0B9706-B41B-4435-935F-7FAFB4AECD98}.Debug|Any CPU.ActiveCfg = Debug|Any CPU
		{AB0B9706-B41B-4435-935F-7FAFB4AECD98}.Debug|Any CPU.Build.0 = Debug|Any CPU
		{AB0B9706-B41B-4435-935F-7FAFB4AECD98}.Release|Any CPU.ActiveCfg = Release|Any CPU
		{AB0B9706-B41B-4435-935F-7FAFB4AECD98}.Release|Any CPU.Build.0 = Release|Any CPU
	EndGlobalSection
	GlobalSection(SolutionProperties) = preSolution
		HideSolutionNode = FALSE
	EndGlobalSection
	GlobalSection(ExtensibilityGlobals) = postSolution
		SolutionGuid = {356EA1C3-A4BE-4922-803A-E1C80C618C68}
	EndGlobalSection
EndGlobal
