
Microsoft Visual Studio Solution File, Format Version 12.00
# Visual Studio Version 16
VisualStudioVersion = 16.0.31019.35
MinimumVisualStudioVersion = 10.0.40219.1
Project("{FAE04EC0-301F-11D3-BF4B-00C04F79EFBC}") = "ServidorClienteUDP", "ServidorClienteUDP.csproj", "{D0204421-262E-49AE-96E3-E53134F6D13C}"
EndProject
Global
	GlobalSection(SolutionConfigurationPlatforms) = preSolution
		Debug|Any CPU = Debug|Any CPU
		Release|Any CPU = Release|Any CPU
	EndGlobalSection
	GlobalSection(ProjectConfigurationPlatforms) = postSolution
		{D0204421-262E-49AE-96E3-E53134F6D13C}.Debug|Any CPU.ActiveCfg = Debug|Any CPU
		{D0204421-262E-49AE-96E3-E53134F6D13C}.Debug|Any CPU.Build.0 = Debug|Any CPU
		{D0204421-262E-49AE-96E3-E53134F6D13C}.Release|Any CPU.ActiveCfg = Release|Any CPU
		{D0204421-262E-49AE-96E3-E53134F6D13C}.Release|Any CPU.Build.0 = Release|Any CPU
	EndGlobalSection
	GlobalSection(SolutionProperties) = preSolution
		HideSolutionNode = FALSE
	EndGlobalSection
	GlobalSection(ExtensibilityGlobals) = postSolution
		SolutionGuid = {2F12E9B0-9F11-4E69-94F9-F783453847F1}
	EndGlobalSection
EndGlobal
